
Microsoft Visual Studio Solution File, Format Version 12.00
# Visual Studio Version 16
VisualStudioVersion = 16.0.30611.23
MinimumVisualStudioVersion = 10.0.40219.1
Project("{FAE04EC0-301F-11D3-BF4B-00C04F79EFBC}") = "KPZ_LR2", "KPZ_LR2\KPZ_LR2.csproj", "{11BBC9F0-5163-4522-9E8D-33801F623E74}"
EndProject
Global
	GlobalSection(SolutionConfigurationPlatforms) = preSolution
		Debug|Any CPU = Debug|Any CPU
		Release|Any CPU = Release|Any CPU
	EndGlobalSection
	GlobalSection(ProjectConfigurationPlatforms) = postSolution
		{11BBC9F0-5163-4522-9E8D-33801F623E74}.Debug|Any CPU.ActiveCfg = Debug|Any CPU
		{11BBC9F0-5163-4522-9E8D-33801F623E74}.Debug|Any CPU.Build.0 = Debug|Any CPU
		{11BBC9F0-5163-4522-9E8D-33801F623E74}.Release|Any CPU.ActiveCfg = Release|Any CPU
		{11BBC9F0-5163-4522-9E8D-33801F623E74}.Release|Any CPU.Build.0 = Release|Any CPU
	EndGlobalSection
	GlobalSection(SolutionProperties) = preSolution
		HideSolutionNode = FALSE
	EndGlobalSection
	GlobalSection(ExtensibilityGlobals) = postSolution
		SolutionGuid = {B26ADD9C-AAB8-4B7A-B0CC-5A8291F3F83C}
	EndGlobalSection
EndGlobal
